
Microsoft Visual Studio Solution File, Format Version 12.00
# Visual Studio Version 17
VisualStudioVersion = 17.0.32014.148
MinimumVisualStudioVersion = 10.0.40219.1
Project("{FAE04EC0-301F-11D3-BF4B-00C04F79EFBC}") = "BA_Dashboard", "BA_Dashboard\BA_Dashboard.csproj", "{557D2CAC-3B0F-4967-A48A-4CBBE3216304}"
EndProject
Global
	GlobalSection(SolutionConfigurationPlatforms) = preSolution
		Debug|Any CPU = Debug|Any CPU
		Release|Any CPU = Release|Any CPU
	EndGlobalSection
	GlobalSection(ProjectConfigurationPlatforms) = postSolution
		{557D2CAC-3B0F-4967-A48A-4CBBE3216304}.Debug|Any CPU.ActiveCfg = Debug|Any CPU
		{557D2CAC-3B0F-4967-A48A-4CBBE3216304}.Debug|Any CPU.Build.0 = Debug|Any CPU
		{557D2CAC-3B0F-4967-A48A-4CBBE3216304}.Release|Any CPU.ActiveCfg = Release|Any CPU
		{557D2CAC-3B0F-4967-A48A-4CBBE3216304}.Release|Any CPU.Build.0 = Release|Any CPU
	EndGlobalSection
	GlobalSection(SolutionProperties) = preSolution
		HideSolutionNode = FALSE
	EndGlobalSection
	GlobalSection(ExtensibilityGlobals) = postSolution
		SolutionGuid = {F2A556FF-D173-4CA8-A0AC-CB5F0E3A3440}
	EndGlobalSection
EndGlobal
